
Microsoft Visual Studio Solution File, Format Version 12.00
# Visual Studio Version 17
VisualStudioVersion = 17.4.33205.214
MinimumVisualStudioVersion = 10.0.40219.1
Project("{FAE04EC0-301F-11D3-BF4B-00C04F79EFBC}") = "Pokemon", "Pokemon\Pokemon.csproj", "{0AEAC9C6-C304-4BF0-B2DA-0379BF8D24C3}"
EndProject
Project("{FAE04EC0-301F-11D3-BF4B-00C04F79EFBC}") = "Pokemon.Tests", "..\Pokemon.Tests\Pokemon.Tests.csproj", "{9EAA6EA3-597E-4C77-A2CD-C2D4A8A20540}"
EndProject
Global
	GlobalSection(SolutionConfigurationPlatforms) = preSolution
		Debug|Any CPU = Debug|Any CPU
		Release|Any CPU = Release|Any CPU
	EndGlobalSection
	GlobalSection(ProjectConfigurationPlatforms) = postSolution
		{0AEAC9C6-C304-4BF0-B2DA-0379BF8D24C3}.Debug|Any CPU.ActiveCfg = Debug|Any CPU
		{0AEAC9C6-C304-4BF0-B2DA-0379BF8D24C3}.Debug|Any CPU.Build.0 = Debug|Any CPU
		{0AEAC9C6-C304-4BF0-B2DA-0379BF8D24C3}.Release|Any CPU.ActiveCfg = Release|Any CPU
		{0AEAC9C6-C304-4BF0-B2DA-0379BF8D24C3}.Release|Any CPU.Build.0 = Release|Any CPU
		{9EAA6EA3-597E-4C77-A2CD-C2D4A8A20540}.Debug|Any CPU.ActiveCfg = Debug|Any CPU
		{9EAA6EA3-597E-4C77-A2CD-C2D4A8A20540}.Debug|Any CPU.Build.0 = Debug|Any CPU
		{9EAA6EA3-597E-4C77-A2CD-C2D4A8A20540}.Release|Any CPU.ActiveCfg = Release|Any CPU
		{9EAA6EA3-597E-4C77-A2CD-C2D4A8A20540}.Release|Any CPU.Build.0 = Release|Any CPU
	EndGlobalSection
	GlobalSection(SolutionProperties) = preSolution
		HideSolutionNode = FALSE
	EndGlobalSection
	GlobalSection(ExtensibilityGlobals) = postSolution
		SolutionGuid = {08763AD2-7574-4D7E-8D05-42212CBD6EBE}
	EndGlobalSection
EndGlobal
